
Microsoft Visual Studio Solution File, Format Version 12.00
# Visual Studio Version 17
VisualStudioVersion = 17.13.35806.99 d17.13
MinimumVisualStudioVersion = 10.0.40219.1
Project("{FAE04EC0-301F-11D3-BF4B-00C04F79EFBC}") = "WpfApp1", "WpfApp1.csproj", "{5335863B-7C65-4E42-9DB9-321F0321CACC}"
EndProject
Global
	GlobalSection(SolutionConfigurationPlatforms) = preSolution
		Debug|Any CPU = Debug|Any CPU
		Release|Any CPU = Release|Any CPU
	EndGlobalSection
	GlobalSection(ProjectConfigurationPlatforms) = postSolution
		{5335863B-7C65-4E42-9DB9-321F0321CACC}.Debug|Any CPU.ActiveCfg = Debug|Any CPU
		{5335863B-7C65-4E42-9DB9-321F0321CACC}.Debug|Any CPU.Build.0 = Debug|Any CPU
		{5335863B-7C65-4E42-9DB9-321F0321CACC}.Release|Any CPU.ActiveCfg = Release|Any CPU
		{5335863B-7C65-4E42-9DB9-321F0321CACC}.Release|Any CPU.Build.0 = Release|Any CPU
	EndGlobalSection
	GlobalSection(SolutionProperties) = preSolution
		HideSolutionNode = FALSE
	EndGlobalSection
	GlobalSection(ExtensibilityGlobals) = postSolution
		SolutionGuid = {85493E54-9D05-4C58-B5BA-1AC7FFD8741A}
	EndGlobalSection
EndGlobal
